<Solution>
  <Project Path="TaxDocumentProcessor.Application/TaxDocumentProcessor.Application.csproj" Id="b3cab3c3-acbc-4992-ac9c-e535b6709be3" />
  <Project Path="TaxDocumentProcessor.Domain/TaxDocumentProcessor.Domain.csproj" Id="45ce965e-4d26-4502-9e65-e4b3e69cc6a3" />
  <Project Path="TaxDocumentProcessor.Infrastructure/TaxDocumentProcessor.Infrastructure.csproj" Id="d2f182bd-d116-4ae4-8d1e-d99feacebd72" />
  <Project Path="TaxDocumentProcessor.Api/TaxDocumentProcessor.Api.csproj" />
  <Project Path="TaxDocumentProcessor.Test/TaxDocumentProcessor.Test.csproj" Id="58674bfc-da9c-40a4-beca-20d860380c41" />
</Solution>
